{
  "nodes": {
    "debBundler": {
      "flake": false,
      "locked": {
        "lastModified": 1746317543,
        "narHash": "sha256-1Xph5g1Lazzkc9XuY1nOkG5Fn7+lmSdldAC91boDawY=",
        "owner": "illustris",
        "repo": "flake",
        "rev": "e86bd104d76d22b2ba36fede405e7bff290ef489",
        "type": "github"
      },
      "original": {
        "owner": "illustris",
        "repo": "flake",
        "type": "github"
      }
    },
    "nixpkgs": {
      "locked": {
        "lastModified": 1746663147,
        "narHash": "sha256-Ua0drDHawlzNqJnclTJGf87dBmaO/tn7iZ+TCkTRpRc=",
        "owner": "nixos",
        "repo": "nixpkgs",
        "rev": "dda3dcd3fe03e991015e9a74b22d35950f264a54",
        "type": "github"
      },
      "original": {
        "owner": "nixos",
        "ref": "nixos-unstable",
        "repo": "nixpkgs",
        "type": "github"
      }
    },
    "root": {
      "inputs": {
        "debBundler": "debBundler",
        "nixpkgs": "nixpkgs"
      }
    }
  },
  "root": "root",
  "version": 7
}
