{
  "nodes": {
    "debBundler": {
      "flake": false,
      "locked": {
        "lastModified": 1725149456,
        "narHash": "sha256-rRrSD7itoPm+VIT4bIzSupQ7jw+H4eOjxRiRA89Kxb4=",
        "owner": "illustris",
        "repo": "flake",
        "rev": "257a6c986cb9a67c4d6d0e0363507cab7f958b63",
        "type": "github"
      },
      "original": {
        "owner": "illustris",
        "repo": "flake",
        "type": "github"
      }
    },
    "nixpkgs": {
      "locked": {
        "lastModified": 1725103162,
        "narHash": "sha256-Ym04C5+qovuQDYL/rKWSR+WESseQBbNAe5DsXNx5trY=",
        "owner": "nixos",
        "repo": "nixpkgs",
        "rev": "12228ff1752d7b7624a54e9c1af4b222b3c1073b",
        "type": "github"
      },
      "original": {
        "owner": "nixos",
        "ref": "nixos-unstable",
        "repo": "nixpkgs",
        "type": "github"
      }
    },
    "root": {
      "inputs": {
        "debBundler": "debBundler",
        "nixpkgs": "nixpkgs"
      }
    }
  },
  "root": "root",
  "version": 7
}
